
Microsoft Visual Studio Solution File, Format Version 12.00
# Visual Studio Version 16
VisualStudioVersion = 16.0.31402.337
MinimumVisualStudioVersion = 10.0.40219.1
Project("{FAE04EC0-301F-11D3-BF4B-00C04F79EFBC}") = "09.Manual.Exercise.02.ENUMS", "09.Manual.Exercise.02.ENUMS\09.Manual.Exercise.02.ENUMS.csproj", "{940BA777-E464-4FCE-BC9B-BADC29039325}"
EndProject
Global
	GlobalSection(SolutionConfigurationPlatforms) = preSolution
		Debug|Any CPU = Debug|Any CPU
		Release|Any CPU = Release|Any CPU
	EndGlobalSection
	GlobalSection(ProjectConfigurationPlatforms) = postSolution
		{940BA777-E464-4FCE-BC9B-BADC29039325}.Debug|Any CPU.ActiveCfg = Debug|Any CPU
		{940BA777-E464-4FCE-BC9B-BADC29039325}.Debug|Any CPU.Build.0 = Debug|Any CPU
		{940BA777-E464-4FCE-BC9B-BADC29039325}.Release|Any CPU.ActiveCfg = Release|Any CPU
		{940BA777-E464-4FCE-BC9B-BADC29039325}.Release|Any CPU.Build.0 = Release|Any CPU
	EndGlobalSection
	GlobalSection(SolutionProperties) = preSolution
		HideSolutionNode = FALSE
	EndGlobalSection
	GlobalSection(ExtensibilityGlobals) = postSolution
		SolutionGuid = {B71BF2CD-B02F-4721-8905-E292E01FD09E}
	EndGlobalSection
EndGlobal
